
Microsoft Visual Studio Solution File, Format Version 12.00
# Visual Studio Version 16
VisualStudioVersion = 16.0.32630.194
MinimumVisualStudioVersion = 10.0.40219.1
Project("{8BC9CEB8-8B4A-11D0-8D11-00A0C91BC942}") = "SecurityGame", "SecurityGame.vcxproj", "{9F75785A-CC0B-4A25-8B5D-CE8304F72FAA}"
EndProject
Global
	GlobalSection(SolutionConfigurationPlatforms) = preSolution
		Debug|x64 = Debug|x64
		Debug|x86 = Debug|x86
		Release|x64 = Release|x64
		Release|x86 = Release|x86
	EndGlobalSection
	GlobalSection(ProjectConfigurationPlatforms) = postSolution
		{9F75785A-CC0B-4A25-8B5D-CE8304F72FAA}.Debug|x64.ActiveCfg = Debug|x64
		{9F75785A-CC0B-4A25-8B5D-CE8304F72FAA}.Debug|x64.Build.0 = Debug|x64
		{9F75785A-CC0B-4A25-8B5D-CE8304F72FAA}.Debug|x86.ActiveCfg = Debug|Win32
		{9F75785A-CC0B-4A25-8B5D-CE8304F72FAA}.Debug|x86.Build.0 = Debug|Win32
		{9F75785A-CC0B-4A25-8B5D-CE8304F72FAA}.Release|x64.ActiveCfg = Release|x64
		{9F75785A-CC0B-4A25-8B5D-CE8304F72FAA}.Release|x64.Build.0 = Release|x64
		{9F75785A-CC0B-4A25-8B5D-CE8304F72FAA}.Release|x86.ActiveCfg = Release|Win32
		{9F75785A-CC0B-4A25-8B5D-CE8304F72FAA}.Release|x86.Build.0 = Release|Win32
	EndGlobalSection
	GlobalSection(SolutionProperties) = preSolution
		HideSolutionNode = FALSE
	EndGlobalSection
	GlobalSection(ExtensibilityGlobals) = postSolution
		SolutionGuid = {CB0F0E73-13EB-44AA-9A31-E394BCB8332E}
	EndGlobalSection
EndGlobal
