<?xml version="1.0" encoding="utf-8"?>
<Project ToolsVersion="4.0" xmlns="http://schemas.microsoft.com/developer/msbuild/2003">
  <ItemGroup>
    <Filter Include="Source Files">
      <UniqueIdentifier>{4FC737F1-C7A5-4376-A066-2A32D752A2FF}</UniqueIdentifier>
      <Extensions>cpp;c;cc;cxx;c++;def;odl;idl;hpj;bat;asm;asmx</Extensions>
    </Filter>
    <Filter Include="Header Files">
      <UniqueIdentifier>{93995380-89BD-4b04-88EB-625FBE52EBFB}</UniqueIdentifier>
      <Extensions>h;hh;hpp;hxx;h++;hm;inl;inc;ipp;xsd</Extensions>
    </Filter>
    <Filter Include="Resource Files">
      <UniqueIdentifier>{67DA6AB6-F800-4c08-8B7A-83BB121AAD01}</UniqueIdentifier>
      <Extensions>rc;ico;cur;bmp;dlg;rc2;rct;bin;rgs;gif;jpg;jpeg;jpe;resx;tiff;tif;png;wav;mfcribbon-ms</Extensions>
    </Filter>
    <Filter Include="Header Files\Entity">
      <UniqueIdentifier>{41008247-1180-4661-b738-67ca06f8d074}</UniqueIdentifier>
    </Filter>
    <Filter Include="Header Files\Physics">
      <UniqueIdentifier>{ab3b48d8-2067-45e1-8e37-a864ebaeb21a}</UniqueIdentifier>
    </Filter>
    <Filter Include="Header Files\Utils">
      <UniqueIdentifier>{5f458aad-abf1-4302-9a5a-cd0f9d2dd0cd}</UniqueIdentifier>
    </Filter>
    <Filter Include="Header Files\UI">
      <UniqueIdentifier>{14d5fb79-65d8-46d8-9b31-63bcbb775e8c}</UniqueIdentifier>
    </Filter>
    <Filter Include="Header Files\Map">
      <UniqueIdentifier>{140d86b6-e66b-41d8-a74a-6fd9b0026b4a}</UniqueIdentifier>
    </Filter>
    <Filter Include="Header Files\Audio">
      <UniqueIdentifier>{95d738dc-3a7d-47ea-bbcd-f2ed920f52ed}</UniqueIdentifier>
    </Filter>
    <Filter Include="Header Files\Font">
      <UniqueIdentifier>{7b86acfc-b67f-4f73-8581-5229af2a62c2}</UniqueIdentifier>
    </Filter>
    <Filter Include="Header Files\Objects">
      <UniqueIdentifier>{2911422e-7cc1-45cc-bc67-1c0c2c0f0024}</UniqueIdentifier>
    </Filter>
    <Filter Include="Header Files\Camera">
      <UniqueIdentifier>{9490d7fb-e081-497b-a803-c65a228546df}</UniqueIdentifier>
    </Filter>
    <Filter Include="Header Files\Inventory">
      <UniqueIdentifier>{6c5ac6c0-b770-4e0c-be9a-ceef94eea9cd}</UniqueIdentifier>
    </Filter>
    <Filter Include="Header Files\Bosses">
      <UniqueIdentifier>{f30cf4b3-7c4b-4c78-96bf-e7676076d64a}</UniqueIdentifier>
    </Filter>
  </ItemGroup>
  <ItemGroup>
    <ClCompile Include="main.cpp">
      <Filter>Source Files</Filter>
    </ClCompile>
    <ClCompile Include="ui_Label.h">
      <Filter>Header Files\UI</Filter>
    </ClCompile>
  </ItemGroup>
  <ItemGroup>
    <ClInclude Include="PhysicsSystem.h">
      <Filter>Header Files\Physics</Filter>
    </ClInclude>
    <ClInclude Include="Entity.h">
      <Filter>Header Files\Entity</Filter>
    </ClInclude>
    <ClInclude Include="EntityType.h">
      <Filter>Header Files\Entity</Filter>
    </ClInclude>
    <ClInclude Include="Player.h">
      <Filter>Header Files\Entity</Filter>
    </ClInclude>
    <ClInclude Include="Includes.h">
      <Filter>Header Files</Filter>
    </ClInclude>
    <ClInclude Include="Platform.h">
      <Filter>Header Files\Entity</Filter>
    </ClInclude>
    <ClInclude Include="Utils.h">
      <Filter>Header Files\Utils</Filter>
    </ClInclude>
    <ClInclude Include="ui_Health.h">
      <Filter>Header Files\UI</Filter>
    </ClInclude>
    <ClInclude Include="ui_Element.h">
      <Filter>Header Files\UI</Filter>
    </ClInclude>
    <ClInclude Include="ui_Button.h">
      <Filter>Header Files\UI</Filter>
    </ClInclude>
    <ClInclude Include="ui_Toolbox.h">
      <Filter>Header Files\UI</Filter>
    </ClInclude>
    <ClInclude Include="map_Base.h">
      <Filter>Header Files\Map</Filter>
    </ClInclude>
    <ClInclude Include="map_Reader.h">
      <Filter>Header Files\Map</Filter>
    </ClInclude>
    <ClInclude Include="bmpmini.hpp">
      <Filter>Header Files\Map</Filter>
    </ClInclude>
    <ClInclude Include="FirewallGrunt.h">
      <Filter>Header Files\Entity</Filter>
    </ClInclude>
    <ClInclude Include="Bullet.h">
      <Filter>Header Files\Entity</Filter>
    </ClInclude>
    <ClInclude Include="ui_Settings.h">
      <Filter>Header Files\UI</Filter>
    </ClInclude>
    <ClInclude Include="AIEntity.h">
      <Filter>Header Files\Entity</Filter>
    </ClInclude>
    <ClInclude Include="Audio.h">
      <Filter>Header Files\Audio</Filter>
    </ClInclude>
    <ClInclude Include="Font.h">
      <Filter>Header Files\Font</Filter>
    </ClInclude>
    <ClInclude Include="obj_Base.h">
      <Filter>Header Files\Objects</Filter>
    </ClInclude>
    <ClInclude Include="bootstrap.h">
      <Filter>Source Files</Filter>
    </ClInclude>
    <ClInclude Include="loop.h">
      <Filter>Source Files</Filter>
    </ClInclude>
    <ClInclude Include="CollisionHandler.h">
      <Filter>Header Files\Physics</Filter>
    </ClInclude>
    <ClInclude Include="ui_Inventory.h">
      <Filter>Header Files\UI</Filter>
    </ClInclude>
    <ClInclude Include="obj_Ladder.h">
      <Filter>Header Files\Objects</Filter>
    </ClInclude>
    <ClInclude Include="obj_Handler.h">
      <Filter>Header Files\Objects</Filter>
    </ClInclude>
    <ClInclude Include="Cheats.h">
      <Filter>Header Files\Utils</Filter>
    </ClInclude>
    <ClInclude Include="obj_Gate.h">
      <Filter>Header Files\Objects</Filter>
    </ClInclude>
    <ClInclude Include="Camera.h">
      <Filter>Header Files\Camera</Filter>
    </ClInclude>
    <ClInclude Include="obj_Item.h">
      <Filter>Header Files\Objects</Filter>
    </ClInclude>
    <ClInclude Include="obj_Checkpoint.h">
      <Filter>Header Files\Objects</Filter>
    </ClInclude>
    <ClInclude Include="Inventory.h">
      <Filter>Header Files\Inventory</Filter>
    </ClInclude>
    <ClInclude Include="obj_InvisibleLayer.h">
      <Filter>Header Files\Objects</Filter>
    </ClInclude>
    <ClInclude Include="obj_Character.h">
      <Filter>Header Files\Objects</Filter>
    </ClInclude>
    <ClInclude Include="FirewallMonster.h">
      <Filter>Header Files\Bosses</Filter>
    </ClInclude>
    <ClInclude Include="BossHandler.h">
      <Filter>Header Files\Bosses</Filter>
    </ClInclude>
    <ClInclude Include="BrainMonster.h">
      <Filter>Header Files\Bosses</Filter>
    </ClInclude>
  </ItemGroup>
  <ItemGroup>
    <Text Include="todo.txt">
      <Filter>Source Files</Filter>
    </Text>
  </ItemGroup>
</Project>